
Microsoft Visual Studio Solution File, Format Version 12.00
# Visual Studio Version 16
VisualStudioVersion = 16.0.31112.23
MinimumVisualStudioVersion = 10.0.40219.1
Project("{FAE04EC0-301F-11D3-BF4B-00C04F79EFBC}") = "BookShopSchool", "BookShopSchool\BookShopSchool.csproj", "{5E0552B6-F41A-4A1F-8FB1-97DBDE0CBE01}"
EndProject
Global
	GlobalSection(SolutionConfigurationPlatforms) = preSolution
		Debug|Any CPU = Debug|Any CPU
		Release|Any CPU = Release|Any CPU
	EndGlobalSection
	GlobalSection(ProjectConfigurationPlatforms) = postSolution
		{5E0552B6-F41A-4A1F-8FB1-97DBDE0CBE01}.Debug|Any CPU.ActiveCfg = Debug|Any CPU
		{5E0552B6-F41A-4A1F-8FB1-97DBDE0CBE01}.Debug|Any CPU.Build.0 = Debug|Any CPU
		{5E0552B6-F41A-4A1F-8FB1-97DBDE0CBE01}.Release|Any CPU.ActiveCfg = Release|Any CPU
		{5E0552B6-F41A-4A1F-8FB1-97DBDE0CBE01}.Release|Any CPU.Build.0 = Release|Any CPU
	EndGlobalSection
	GlobalSection(SolutionProperties) = preSolution
		HideSolutionNode = FALSE
	EndGlobalSection
	GlobalSection(ExtensibilityGlobals) = postSolution
		SolutionGuid = {5256EB86-3F5D-46D4-A251-F6A89E7D5F15}
	EndGlobalSection
EndGlobal
